
Microsoft Visual Studio Solution File, Format Version 12.00
# Visual Studio Version 16
VisualStudioVersion = 16.0.29020.237
MinimumVisualStudioVersion = 10.0.40219.1
Project("{FAE04EC0-301F-11D3-BF4B-00C04F79EFBC}") = "ProjWebFormsAgendaConsultaP1", "ProjWebFormsAgendaConsultaP1\ProjWebFormsAgendaConsultaP1.csproj", "{45AB0BFE-AD82-4225-8DC2-05A23703A1DD}"
EndProject
Project("{FAE04EC0-301F-11D3-BF4B-00C04F79EFBC}") = "Model", "..\ProjetoWebForms\Model\Model.csproj", "{5AF063FD-3F01-4CA6-8610-17E3EEE45D66}"
EndProject
Project("{FAE04EC0-301F-11D3-BF4B-00C04F79EFBC}") = "Dal", "..\ProjetoWebForms\Dal\Dal.csproj", "{B215546E-A3F3-4223-9721-5B3B304D9023}"
EndProject
Global
	GlobalSection(SolutionConfigurationPlatforms) = preSolution
		Debug|Any CPU = Debug|Any CPU
		Release|Any CPU = Release|Any CPU
	EndGlobalSection
	GlobalSection(ProjectConfigurationPlatforms) = postSolution
		{45AB0BFE-AD82-4225-8DC2-05A23703A1DD}.Debug|Any CPU.ActiveCfg = Debug|Any CPU
		{45AB0BFE-AD82-4225-8DC2-05A23703A1DD}.Debug|Any CPU.Build.0 = Debug|Any CPU
		{45AB0BFE-AD82-4225-8DC2-05A23703A1DD}.Release|Any CPU.ActiveCfg = Release|Any CPU
		{45AB0BFE-AD82-4225-8DC2-05A23703A1DD}.Release|Any CPU.Build.0 = Release|Any CPU
		{5AF063FD-3F01-4CA6-8610-17E3EEE45D66}.Debug|Any CPU.ActiveCfg = Debug|Any CPU
		{5AF063FD-3F01-4CA6-8610-17E3EEE45D66}.Debug|Any CPU.Build.0 = Debug|Any CPU
		{5AF063FD-3F01-4CA6-8610-17E3EEE45D66}.Release|Any CPU.ActiveCfg = Release|Any CPU
		{5AF063FD-3F01-4CA6-8610-17E3EEE45D66}.Release|Any CPU.Build.0 = Release|Any CPU
		{B215546E-A3F3-4223-9721-5B3B304D9023}.Debug|Any CPU.ActiveCfg = Debug|Any CPU
		{B215546E-A3F3-4223-9721-5B3B304D9023}.Debug|Any CPU.Build.0 = Debug|Any CPU
		{B215546E-A3F3-4223-9721-5B3B304D9023}.Release|Any CPU.ActiveCfg = Release|Any CPU
		{B215546E-A3F3-4223-9721-5B3B304D9023}.Release|Any CPU.Build.0 = Release|Any CPU
	EndGlobalSection
	GlobalSection(SolutionProperties) = preSolution
		HideSolutionNode = FALSE
	EndGlobalSection
	GlobalSection(ExtensibilityGlobals) = postSolution
		SolutionGuid = {35AD700E-AA34-4A10-8E04-B5E860E0E01B}
	EndGlobalSection
EndGlobal
